# Generated by pub
# See https://dart.dev/tools/pub/glossary#lockfile
packages:
  a_star:
    dependency: "direct main"
    description:
      name: a_star
      url: "https://pub.dartlang.org"
    source: hosted
    version: "1.0.0"
  collection:
    dependency: transitive
    description:
      name: collection
      url: "https://pub.dartlang.org"
    source: hosted
    version: "1.16.0"
sdks:
  dart: ">=2.16.0 <3.0.0"
